
Microsoft Visual Studio Solution File, Format Version 12.00
# Visual Studio Version 17
VisualStudioVersion = 17.13.35806.99 d17.13
MinimumVisualStudioVersion = 10.0.40219.1
Project("{FAE04EC0-301F-11D3-BF4B-00C04F79EFBC}") = "ConsoleApp2", "ConsoleApp2\ConsoleApp2.csproj", "{21027675-ADE4-4818-BC07-ACE93E9FF0CF}"
EndProject
Global
	GlobalSection(SolutionConfigurationPlatforms) = preSolution
		Debug|Any CPU = Debug|Any CPU
		Release|Any CPU = Release|Any CPU
	EndGlobalSection
	GlobalSection(ProjectConfigurationPlatforms) = postSolution
		{21027675-ADE4-4818-BC07-ACE93E9FF0CF}.Debug|Any CPU.ActiveCfg = Debug|Any CPU
		{21027675-ADE4-4818-BC07-ACE93E9FF0CF}.Debug|Any CPU.Build.0 = Debug|Any CPU
		{21027675-ADE4-4818-BC07-ACE93E9FF0CF}.Release|Any CPU.ActiveCfg = Release|Any CPU
		{21027675-ADE4-4818-BC07-ACE93E9FF0CF}.Release|Any CPU.Build.0 = Release|Any CPU
	EndGlobalSection
	GlobalSection(SolutionProperties) = preSolution
		HideSolutionNode = FALSE
	EndGlobalSection
	GlobalSection(ExtensibilityGlobals) = postSolution
		SolutionGuid = {ED19559F-9995-4063-8884-2F8C31DC04FD}
	EndGlobalSection
EndGlobal
